
Microsoft Visual Studio Solution File, Format Version 12.00
# Visual Studio Version 17
VisualStudioVersion = 17.7.34018.315
MinimumVisualStudioVersion = 10.0.40219.1
Project("{9A19103F-16F7-4668-BE54-9A1E7A4F7556}") = "NutrinovaApi", "NutrinovaApi\NutrinovaApi.csproj", "{AB827A10-35AD-434C-B231-779D4088266B}"
EndProject
Project("{2150E333-8FDC-42A3-9474-1A3956D46DE8}") = "scripts", "scripts", "{6CE7BD29-6A19-4ED7-8C4C-470D24469203}"
	ProjectSection(SolutionItems) = preProject
		dump_db.ps1 = dump_db.ps1
	EndProjectSection
EndProject
Project("{2150E333-8FDC-42A3-9474-1A3956D46DE8}") = "Solution Items", "Solution Items", "{65DD9DC4-8740-4BC5-882A-A627C13F4BAB}"
	ProjectSection(SolutionItems) = preProject
		.editorconfig = .editorconfig
		GlobalSuppression.cs = GlobalSuppression.cs
		RuleSet.ruleset = RuleSet.ruleset
		stylecop.json = stylecop.json
	EndProjectSection
EndProject
Project("{9A19103F-16F7-4668-BE54-9A1E7A4F7556}") = "NutrinovaApi.IntegrationTests", "NutrinovaApi.IntegrationTests\NutrinovaApi.IntegrationTests.csproj", "{8527CCAB-367A-46DF-B92E-0B28D44DB7A2}"
EndProject
Project("{9A19103F-16F7-4668-BE54-9A1E7A4F7556}") = "NutrinovaData", "NutrinovaData\NutrinovaData.csproj", "{E92EDF3C-E5EE-4A33-AE0D-7A2794B2716D}"
EndProject
Project("{FAE04EC0-301F-11D3-BF4B-00C04F79EFBC}") = "NutrinovaData.UnitTests", "NutrinovaData.UnitTests\NutrinovaData.UnitTests.csproj", "{8FB4A432-8153-424D-9791-412E45F5F9F7}"
EndProject
Global
	GlobalSection(SolutionConfigurationPlatforms) = preSolution
		Debug|Any CPU = Debug|Any CPU
		Release|Any CPU = Release|Any CPU
	EndGlobalSection
	GlobalSection(ProjectConfigurationPlatforms) = postSolution
		{AB827A10-35AD-434C-B231-779D4088266B}.Debug|Any CPU.ActiveCfg = Debug|Any CPU
		{AB827A10-35AD-434C-B231-779D4088266B}.Debug|Any CPU.Build.0 = Debug|Any CPU
		{AB827A10-35AD-434C-B231-779D4088266B}.Release|Any CPU.ActiveCfg = Release|Any CPU
		{AB827A10-35AD-434C-B231-779D4088266B}.Release|Any CPU.Build.0 = Release|Any CPU
		{8527CCAB-367A-46DF-B92E-0B28D44DB7A2}.Debug|Any CPU.ActiveCfg = Debug|Any CPU
		{8527CCAB-367A-46DF-B92E-0B28D44DB7A2}.Debug|Any CPU.Build.0 = Debug|Any CPU
		{8527CCAB-367A-46DF-B92E-0B28D44DB7A2}.Release|Any CPU.ActiveCfg = Release|Any CPU
		{8527CCAB-367A-46DF-B92E-0B28D44DB7A2}.Release|Any CPU.Build.0 = Release|Any CPU
		{E92EDF3C-E5EE-4A33-AE0D-7A2794B2716D}.Debug|Any CPU.ActiveCfg = Debug|Any CPU
		{E92EDF3C-E5EE-4A33-AE0D-7A2794B2716D}.Debug|Any CPU.Build.0 = Debug|Any CPU
		{E92EDF3C-E5EE-4A33-AE0D-7A2794B2716D}.Release|Any CPU.ActiveCfg = Release|Any CPU
		{E92EDF3C-E5EE-4A33-AE0D-7A2794B2716D}.Release|Any CPU.Build.0 = Release|Any CPU
		{8FB4A432-8153-424D-9791-412E45F5F9F7}.Debug|Any CPU.ActiveCfg = Debug|Any CPU
		{8FB4A432-8153-424D-9791-412E45F5F9F7}.Debug|Any CPU.Build.0 = Debug|Any CPU
		{8FB4A432-8153-424D-9791-412E45F5F9F7}.Release|Any CPU.ActiveCfg = Release|Any CPU
		{8FB4A432-8153-424D-9791-412E45F5F9F7}.Release|Any CPU.Build.0 = Release|Any CPU
	EndGlobalSection
	GlobalSection(SolutionProperties) = preSolution
		HideSolutionNode = FALSE
	EndGlobalSection
	GlobalSection(ExtensibilityGlobals) = postSolution
		SolutionGuid = {1EB05A0A-12D6-47F9-AABD-54393240D9CA}
	EndGlobalSection
EndGlobal
